
Microsoft Visual Studio Solution File, Format Version 12.00
# Visual Studio Version 16
VisualStudioVersion = 16.0.31005.135
MinimumVisualStudioVersion = 10.0.40219.1
Project("{9A19103F-16F7-4668-BE54-9A1E7A4F7556}") = "Övning5Garage", "Övning5Garage\Övning5Garage.csproj", "{28B16E65-1754-4EDC-9885-85AA393B08C3}"
EndProject
Project("{FAE04EC0-301F-11D3-BF4B-00C04F79EFBC}") = "GarageTest", "GarageTest\GarageTest.csproj", "{40E40D6D-6D1F-4AF5-999B-C0F890BEE488}"
EndProject
Global
	GlobalSection(SolutionConfigurationPlatforms) = preSolution
		Debug|Any CPU = Debug|Any CPU
		Release|Any CPU = Release|Any CPU
	EndGlobalSection
	GlobalSection(ProjectConfigurationPlatforms) = postSolution
		{28B16E65-1754-4EDC-9885-85AA393B08C3}.Debug|Any CPU.ActiveCfg = Debug|Any CPU
		{28B16E65-1754-4EDC-9885-85AA393B08C3}.Debug|Any CPU.Build.0 = Debug|Any CPU
		{28B16E65-1754-4EDC-9885-85AA393B08C3}.Release|Any CPU.ActiveCfg = Release|Any CPU
		{28B16E65-1754-4EDC-9885-85AA393B08C3}.Release|Any CPU.Build.0 = Release|Any CPU
		{40E40D6D-6D1F-4AF5-999B-C0F890BEE488}.Debug|Any CPU.ActiveCfg = Debug|Any CPU
		{40E40D6D-6D1F-4AF5-999B-C0F890BEE488}.Debug|Any CPU.Build.0 = Debug|Any CPU
		{40E40D6D-6D1F-4AF5-999B-C0F890BEE488}.Release|Any CPU.ActiveCfg = Release|Any CPU
		{40E40D6D-6D1F-4AF5-999B-C0F890BEE488}.Release|Any CPU.Build.0 = Release|Any CPU
	EndGlobalSection
	GlobalSection(SolutionProperties) = preSolution
		HideSolutionNode = FALSE
	EndGlobalSection
	GlobalSection(ExtensibilityGlobals) = postSolution
		SolutionGuid = {84097EB3-C157-4F62-AEAA-90ECAF1CDBB2}
	EndGlobalSection
EndGlobal
